
Microsoft Visual Studio Solution File, Format Version 12.00
# Visual Studio Version 16
VisualStudioVersion = 16.0.29020.237
MinimumVisualStudioVersion = 10.0.40219.1
Project("{888888A0-9F3D-457C-B088-3A5042F75D52}") = "first", "first.pyproj", "{CEBA1DAD-8F67-4797-AFC1-E2FA9888B277}"
EndProject
Global
	GlobalSection(SolutionConfigurationPlatforms) = preSolution
		Debug|Any CPU = Debug|Any CPU
		Release|Any CPU = Release|Any CPU
	EndGlobalSection
	GlobalSection(ProjectConfigurationPlatforms) = postSolution
		{CEBA1DAD-8F67-4797-AFC1-E2FA9888B277}.Debug|Any CPU.ActiveCfg = Debug|Any CPU
		{CEBA1DAD-8F67-4797-AFC1-E2FA9888B277}.Release|Any CPU.ActiveCfg = Release|Any CPU
	EndGlobalSection
	GlobalSection(SolutionProperties) = preSolution
		HideSolutionNode = FALSE
	EndGlobalSection
	GlobalSection(ExtensibilityGlobals) = postSolution
		SolutionGuid = {C7E1A132-3A45-48A9-B04A-1A0F40791056}
	EndGlobalSection
EndGlobal
